// !$*UTF8*$!
{
	archiveVersion = 1;
	classes = {
	};
	objectVersion = 50;
	objects = {

/* Begin PBXBuildFile section */
		139FA99022E3930500F21892 /* AppDelegate.swift in Sources */ = {isa = PBXBuildFile; fileRef = 139FA98F22E3930500F21892 /* AppDelegate.swift */; };
		139FA99622E3930500F21892 /* GameScene.swift in Sources */ = {isa = PBXBuildFile; fileRef = 139FA99522E3930500F21892 /* GameScene.swift */; };
		139FA99822E3930500F21892 /* GameViewController.swift in Sources */ = {isa = PBXBuildFile; fileRef = 139FA99722E3930500F21892 /* GameViewController.swift */; };
		139FA99B22E3930500F21892 /* Main.storyboard in Resources */ = {isa = PBXBuildFile; fileRef = 139FA99922E3930500F21892 /* Main.storyboard */; };
		139FA99D22E3930600F21892 /* Assets.xcassets in Resources */ = {isa = PBXBuildFile; fileRef = 139FA99C22E3930600F21892 /* Assets.xcassets */; };
		139FA9A022E3930600F21892 /* LaunchScreen.storyboard in Resources */ = {isa = PBXBuildFile; fileRef = 139FA99E22E3930600F21892 /* LaunchScreen.storyboard */; };
		139FA9A822E3935800F21892 /* contemplateAsteroid.swift in Sources */ = {isa = PBXBuildFile; fileRef = 139FA9A722E3935800F21892 /* contemplateAsteroid.swift */; };
		139FA9AA22E3936100F21892 /* drawBackground.swift in Sources */ = {isa = PBXBuildFile; fileRef = 139FA9A922E3936100F21892 /* drawBackground.swift */; };
		139FA9AC22E393B200F21892 /* Sprites.swift in Sources */ = {isa = PBXBuildFile; fileRef = 139FA9AB22E393B200F21892 /* Sprites.swift */; };
		139FA9AE22E3941000F21892 /* lerp.swift in Sources */ = {isa = PBXBuildFile; fileRef = 139FA9AD22E3941000F21892 /* lerp.swift */; };
		139FA9B022E3941600F21892 /* setupBackground.swift in Sources */ = {isa = PBXBuildFile; fileRef = 139FA9AF22E3941600F21892 /* setupBackground.swift */; };
		139FA9B522E3944100F21892 /* updateFighter.swift in Sources */ = {isa = PBXBuildFile; fileRef = 139FA9B222E3944100F21892 /* updateFighter.swift */; };
		139FA9B622E3944100F21892 /* launchBullets.swift in Sources */ = {isa = PBXBuildFile; fileRef = 139FA9B322E3944100F21892 /* launchBullets.swift */; };
		139FA9B722E3944100F21892 /* setupShip.swift in Sources */ = {isa = PBXBuildFile; fileRef = 139FA9B422E3944100F21892 /* setupShip.swift */; };
		139FA9B922E51F5500F21892 /* Bit Masks.swift in Sources */ = {isa = PBXBuildFile; fileRef = 139FA9B822E51F5500F21892 /* Bit Masks.swift */; };
		A3FFB7F522E3F72100921D13 /* Enemy.swift in Sources */ = {isa = PBXBuildFile; fileRef = A3FFB7F422E3F72100921D13 /* Enemy.swift */; };
		A3FFB7F722E409D300921D13 /* RandomPoints.swift in Sources */ = {isa = PBXBuildFile; fileRef = A3FFB7F622E409D300921D13 /* RandomPoints.swift */; };
/* End PBXBuildFile section */

/* Begin PBXFileReference section */
		139FA98C22E3930500F21892 /* SpaceShooter.app */ = {isa = PBXFileReference; explicitFileType = wrapper.application; includeInIndex = 0; path = SpaceShooter.app; sourceTree = BUILT_PRODUCTS_DIR; };
		139FA98F22E3930500F21892 /* AppDelegate.swift */ = {isa = PBXFileReference; lastKnownFileType = sourcecode.swift; path = AppDelegate.swift; sourceTree = "<group>"; };
		139FA99522E3930500F21892 /* GameScene.swift */ = {isa = PBXFileReference; lastKnownFileType = sourcecode.swift; path = GameScene.swift; sourceTree = "<group>"; };
		139FA99722E3930500F21892 /* GameViewController.swift */ = {isa = PBXFileReference; lastKnownFileType = sourcecode.swift; path = GameViewController.swift; sourceTree = "<group>"; };
		139FA99A22E3930500F21892 /* Base */ = {isa = PBXFileReference; lastKnownFileType = file.storyboard; name = Base; path = Base.lproj/Main.storyboard; sourceTree = "<group>"; };
		139FA99C22E3930600F21892 /* Assets.xcassets */ = {isa = PBXFileReference; lastKnownFileType = folder.assetcatalog; path = Assets.xcassets; sourceTree = "<group>"; };
		139FA99F22E3930600F21892 /* Base */ = {isa = PBXFileReference; lastKnownFileType = file.storyboard; name = Base; path = Base.lproj/LaunchScreen.storyboard; sourceTree = "<group>"; };
		139FA9A122E3930600F21892 /* Info.plist */ = {isa = PBXFileReference; lastKnownFileType = text.plist.xml; path = Info.plist; sourceTree = "<group>"; };
		139FA9A722E3935800F21892 /* contemplateAsteroid.swift */ = {isa = PBXFileReference; fileEncoding = 4; lastKnownFileType = sourcecode.swift; path = contemplateAsteroid.swift; sourceTree = "<group>"; };
		139FA9A922E3936100F21892 /* drawBackground.swift */ = {isa = PBXFileReference; fileEncoding = 4; lastKnownFileType = sourcecode.swift; path = drawBackground.swift; sourceTree = "<group>"; };
		139FA9AB22E393B200F21892 /* Sprites.swift */ = {isa = PBXFileReference; fileEncoding = 4; lastKnownFileType = sourcecode.swift; path = Sprites.swift; sourceTree = "<group>"; };
		139FA9AD22E3941000F21892 /* lerp.swift */ = {isa = PBXFileReference; fileEncoding = 4; lastKnownFileType = sourcecode.swift; path = lerp.swift; sourceTree = "<group>"; };
		139FA9AF22E3941600F21892 /* setupBackground.swift */ = {isa = PBXFileReference; fileEncoding = 4; lastKnownFileType = sourcecode.swift; path = setupBackground.swift; sourceTree = "<group>"; };
		139FA9B222E3944100F21892 /* updateFighter.swift */ = {isa = PBXFileReference; fileEncoding = 4; lastKnownFileType = sourcecode.swift; path = updateFighter.swift; sourceTree = "<group>"; };
		139FA9B322E3944100F21892 /* launchBullets.swift */ = {isa = PBXFileReference; fileEncoding = 4; lastKnownFileType = sourcecode.swift; path = launchBullets.swift; sourceTree = "<group>"; };
		139FA9B422E3944100F21892 /* setupShip.swift */ = {isa = PBXFileReference; fileEncoding = 4; lastKnownFileType = sourcecode.swift; path = setupShip.swift; sourceTree = "<group>"; };
		139FA9B822E51F5500F21892 /* Bit Masks.swift */ = {isa = PBXFileReference; lastKnownFileType = sourcecode.swift; path = "Bit Masks.swift"; sourceTree = "<group>"; };
		A3FFB7F422E3F72100921D13 /* Enemy.swift */ = {isa = PBXFileReference; lastKnownFileType = sourcecode.swift; path = Enemy.swift; sourceTree = "<group>"; };
		A3FFB7F622E409D300921D13 /* RandomPoints.swift */ = {isa = PBXFileReference; lastKnownFileType = sourcecode.swift; path = RandomPoints.swift; sourceTree = "<group>"; };
/* End PBXFileReference section */

/* Begin PBXFrameworksBuildPhase section */
		139FA98922E3930500F21892 /* Frameworks */ = {
			isa = PBXFrameworksBuildPhase;
			buildActionMask = 2147483647;
			files = (
			);
			runOnlyForDeploymentPostprocessing = 0;
		};
/* End PBXFrameworksBuildPhase section */

/* Begin PBXGroup section */
		139FA98322E3930400F21892 = {
			isa = PBXGroup;
			children = (
				139FA9B822E51F5500F21892 /* Bit Masks.swift */,
				139FA98E22E3930500F21892 /* SpaceShooter */,
				139FA98D22E3930500F21892 /* Products */,
			);
			sourceTree = "<group>";
		};
		139FA98D22E3930500F21892 /* Products */ = {
			isa = PBXGroup;
			children = (
				139FA98C22E3930500F21892 /* SpaceShooter.app */,
			);
			name = Products;
			sourceTree = "<group>";
		};
		139FA98E22E3930500F21892 /* SpaceShooter */ = {
			isa = PBXGroup;
			children = (
				139FA98F22E3930500F21892 /* AppDelegate.swift */,
				139FA99522E3930500F21892 /* GameScene.swift */,
				139FA99722E3930500F21892 /* GameViewController.swift */,
				139FA99922E3930500F21892 /* Main.storyboard */,
				139FA99C22E3930600F21892 /* Assets.xcassets */,
				139FA99E22E3930600F21892 /* LaunchScreen.storyboard */,
				139FA9A122E3930600F21892 /* Info.plist */,
				139FA9A722E3935800F21892 /* contemplateAsteroid.swift */,
				139FA9A922E3936100F21892 /* drawBackground.swift */,
				139FA9AB22E393B200F21892 /* Sprites.swift */,
				139FA9AD22E3941000F21892 /* lerp.swift */,
				A3FFB7F422E3F72100921D13 /* Enemy.swift */,
				A3FFB7F622E409D300921D13 /* RandomPoints.swift */,
				139FA9AF22E3941600F21892 /* setupBackground.swift */,
				139FA9B122E3944100F21892 /* Ship */,
			);
			path = SpaceShooter;
			sourceTree = "<group>";
		};
		139FA9B122E3944100F21892 /* Ship */ = {
			isa = PBXGroup;
			children = (
				139FA9B222E3944100F21892 /* updateFighter.swift */,
				139FA9B322E3944100F21892 /* launchBullets.swift */,
				139FA9B422E3944100F21892 /* setupShip.swift */,
			);
			path = Ship;
			sourceTree = "<group>";
		};
/* End PBXGroup section */

/* Begin PBXNativeTarget section */
		139FA98B22E3930500F21892 /* SpaceShooter */ = {
			isa = PBXNativeTarget;
			buildConfigurationList = 139FA9A422E3930600F21892 /* Build configuration list for PBXNativeTarget "SpaceShooter" */;
			buildPhases = (
				139FA98822E3930500F21892 /* Sources */,
				139FA98922E3930500F21892 /* Frameworks */,
				139FA98A22E3930500F21892 /* Resources */,
			);
			buildRules = (
			);
			dependencies = (
			);
			name = SpaceShooter;
			productName = SpaceShooter;
			productReference = 139FA98C22E3930500F21892 /* SpaceShooter.app */;
			productType = "com.apple.product-type.application";
		};
/* End PBXNativeTarget section */

/* Begin PBXProject section */
		139FA98422E3930500F21892 /* Project object */ = {
			isa = PBXProject;
			attributes = {
				LastSwiftUpdateCheck = 1020;
				LastUpgradeCheck = 1020;
				ORGANIZATIONNAME = "Chuck Deerinck";
				TargetAttributes = {
					139FA98B22E3930500F21892 = {
						CreatedOnToolsVersion = 10.2.1;
					};
				};
			};
			buildConfigurationList = 139FA98722E3930500F21892 /* Build configuration list for PBXProject "SpaceShooter" */;
			compatibilityVersion = "Xcode 9.3";
			developmentRegion = en;
			hasScannedForEncodings = 0;
			knownRegions = (
				en,
				Base,
			);
			mainGroup = 139FA98322E3930400F21892;
			productRefGroup = 139FA98D22E3930500F21892 /* Products */;
			projectDirPath = "";
			projectRoot = "";
			targets = (
				139FA98B22E3930500F21892 /* SpaceShooter */,
			);
		};
/* End PBXProject section */

/* Begin PBXResourcesBuildPhase section */
		139FA98A22E3930500F21892 /* Resources */ = {
			isa = PBXResourcesBuildPhase;
			buildActionMask = 2147483647;
			files = (
				139FA99B22E3930500F21892 /* Main.storyboard in Resources */,
				139FA99D22E3930600F21892 /* Assets.xcassets in Resources */,
				139FA9A022E3930600F21892 /* LaunchScreen.storyboard in Resources */,
			);
			runOnlyForDeploymentPostprocessing = 0;
		};
/* End PBXResourcesBuildPhase section */

/* Begin PBXSourcesBuildPhase section */
		139FA98822E3930500F21892 /* Sources */ = {
			isa = PBXSourcesBuildPhase;
			buildActionMask = 2147483647;
			files = (
				139FA9B922E51F5500F21892 /* Bit Masks.swift in Sources */,
				139FA9B622E3944100F21892 /* launchBullets.swift in Sources */,
				139FA9AC22E393B200F21892 /* Sprites.swift in Sources */,
				A3FFB7F722E409D300921D13 /* RandomPoints.swift in Sources */,
				139FA9B022E3941600F21892 /* setupBackground.swift in Sources */,
				139FA9AA22E3936100F21892 /* drawBackground.swift in Sources */,
				139FA9AE22E3941000F21892 /* lerp.swift in Sources */,
				139FA99622E3930500F21892 /* GameScene.swift in Sources */,
				139FA99822E3930500F21892 /* GameViewController.swift in Sources */,
				139FA9B722E3944100F21892 /* setupShip.swift in Sources */,
				A3FFB7F522E3F72100921D13 /* Enemy.swift in Sources */,
				139FA99022E3930500F21892 /* AppDelegate.swift in Sources */,
				139FA9A822E3935800F21892 /* contemplateAsteroid.swift in Sources */,
				139FA9B522E3944100F21892 /* updateFighter.swift in Sources */,
			);
			runOnlyForDeploymentPostprocessing = 0;
		};
/* End PBXSourcesBuildPhase section */

/* Begin PBXVariantGroup section */
		139FA99922E3930500F21892 /* Main.storyboard */ = {
			isa = PBXVariantGroup;
			children = (
				139FA99A22E3930500F21892 /* Base */,
			);
			name = Main.storyboard;
			sourceTree = "<group>";
		};
		139FA99E22E3930600F21892 /* LaunchScreen.storyboard */ = {
			isa = PBXVariantGroup;
			children = (
				139FA99F22E3930600F21892 /* Base */,
			);
			name = LaunchScreen.storyboard;
			sourceTree = "<group>";
		};
/* End PBXVariantGroup section */

/* Begin XCBuildConfiguration section */
		139FA9A222E3930600F21892 /* Debug */ = {
			isa = XCBuildConfiguration;
			buildSettings = {
				ALWAYS_SEARCH_USER_PATHS = NO;
				CLANG_ANALYZER_NONNULL = YES;
				CLANG_ANALYZER_NUMBER_OBJECT_CONVERSION = YES_AGGRESSIVE;
				CLANG_CXX_LANGUAGE_STANDARD = "gnu++14";
				CLANG_CXX_LIBRARY = "libc++";
				CLANG_ENABLE_MODULES = YES;
				CLANG_ENABLE_OBJC_ARC = YES;
				CLANG_ENABLE_OBJC_WEAK = YES;
				CLANG_WARN_BLOCK_CAPTURE_AUTORELEASING = YES;
				CLANG_WARN_BOOL_CONVERSION = YES;
				CLANG_WARN_COMMA = YES;
				CLANG_WARN_CONSTANT_CONVERSION = YES;
				CLANG_WARN_DEPRECATED_OBJC_IMPLEMENTATIONS = YES;
				CLANG_WARN_DIRECT_OBJC_ISA_USAGE = YES_ERROR;
				CLANG_WARN_DOCUMENTATION_COMMENTS = YES;
				CLANG_WARN_EMPTY_BODY = YES;
				CLANG_WARN_ENUM_CONVERSION = YES;
				CLANG_WARN_INFINITE_RECURSION = YES;
				CLANG_WARN_INT_CONVERSION = YES;
				CLANG_WARN_NON_LITERAL_NULL_CONVERSION = YES;
				CLANG_WARN_OBJC_IMPLICIT_RETAIN_SELF = YES;
				CLANG_WARN_OBJC_LITERAL_CONVERSION = YES;
				CLANG_WARN_OBJC_ROOT_CLASS = YES_ERROR;
				CLANG_WARN_RANGE_LOOP_ANALYSIS = YES;
				CLANG_WARN_STRICT_PROTOTYPES = YES;
				CLANG_WARN_SUSPICIOUS_MOVE = YES;
				CLANG_WARN_UNGUARDED_AVAILABILITY = YES_AGGRESSIVE;
				CLANG_WARN_UNREACHABLE_CODE = YES;
				CLANG_WARN__DUPLICATE_METHOD_MATCH = YES;
				CODE_SIGN_IDENTITY = "iPhone Developer";
				COPY_PHASE_STRIP = NO;
				DEBUG_INFORMATION_FORMAT = dwarf;
				ENABLE_STRICT_OBJC_MSGSEND = YES;
				ENABLE_TESTABILITY = YES;
				GCC_C_LANGUAGE_STANDARD = gnu11;
				GCC_DYNAMIC_NO_PIC = NO;
				GCC_NO_COMMON_BLOCKS = YES;
				GCC_OPTIMIZATION_LEVEL = 0;
				GCC_PREPROCESSOR_DEFINITIONS = (
					"DEBUG=1",
					"$(inherited)",
				);
				GCC_WARN_64_TO_32_BIT_CONVERSION = YES;
				GCC_WARN_ABOUT_RETURN_TYPE = YES_ERROR;
				GCC_WARN_UNDECLARED_SELECTOR = YES;
				GCC_WARN_UNINITIALIZED_AUTOS = YES_AGGRESSIVE;
				GCC_WARN_UNUSED_FUNCTION = YES;
				GCC_WARN_UNUSED_VARIABLE = YES;
				IPHONEOS_DEPLOYMENT_TARGET = 12.2;
				MTL_ENABLE_DEBUG_INFO = INCLUDE_SOURCE;
				MTL_FAST_MATH = YES;
				ONLY_ACTIVE_ARCH = YES;
				SDKROOT = iphoneos;
				SWIFT_ACTIVE_COMPILATION_CONDITIONS = DEBUG;
				SWIFT_OPTIMIZATION_LEVEL = "-Onone";
			};
			name = Debug;
		};
		139FA9A322E3930600F21892 /* Release */ = {
			isa = XCBuildConfiguration;
			buildSettings = {
				ALWAYS_SEARCH_USER_PATHS = NO;
				CLANG_ANALYZER_NONNULL = YES;
				CLANG_ANALYZER_NUMBER_OBJECT_CONVERSION = YES_AGGRESSIVE;
				CLANG_CXX_LANGUAGE_STANDARD = "gnu++14";
				CLANG_CXX_LIBRARY = "libc++";
				CLANG_ENABLE_MODULES = YES;
				CLANG_ENABLE_OBJC_ARC = YES;
				CLANG_ENABLE_OBJC_WEAK = YES;
				CLANG_WARN_BLOCK_CAPTURE_AUTORELEASING = YES;
				CLANG_WARN_BOOL_CONVERSION = YES;
				CLANG_WARN_COMMA = YES;
				CLANG_WARN_CONSTANT_CONVERSION = YES;
				CLANG_WARN_DEPRECATED_OBJC_IMPLEMENTATIONS = YES;
				CLANG_WARN_DIRECT_OBJC_ISA_USAGE = YES_ERROR;
				CLANG_WARN_DOCUMENTATION_COMMENTS = YES;
				CLANG_WARN_EMPTY_BODY = YES;
				CLANG_WARN_ENUM_CONVERSION = YES;
				CLANG_WARN_INFINITE_RECURSION = YES;
				CLANG_WARN_INT_CONVERSION = YES;
				CLANG_WARN_NON_LITERAL_NULL_CONVERSION = YES;
				CLANG_WARN_OBJC_IMPLICIT_RETAIN_SELF = YES;
				CLANG_WARN_OBJC_LITERAL_CONVERSION = YES;
				CLANG_WARN_OBJC_ROOT_CLASS = YES_ERROR;
				CLANG_WARN_RANGE_LOOP_ANALYSIS = YES;
				CLANG_WARN_STRICT_PROTOTYPES = YES;
				CLANG_WARN_SUSPICIOUS_MOVE = YES;
				CLANG_WARN_UNGUARDED_AVAILABILITY = YES_AGGRESSIVE;
				CLANG_WARN_UNREACHABLE_CODE = YES;
				CLANG_WARN__DUPLICATE_METHOD_MATCH = YES;
				CODE_SIGN_IDENTITY = "iPhone Developer";
				COPY_PHASE_STRIP = NO;
				DEBUG_INFORMATION_FORMAT = "dwarf-with-dsym";
				ENABLE_NS_ASSERTIONS = NO;
				ENABLE_STRICT_OBJC_MSGSEND = YES;
				GCC_C_LANGUAGE_STANDARD = gnu11;
				GCC_NO_COMMON_BLOCKS = YES;
				GCC_WARN_64_TO_32_BIT_CONVERSION = YES;
				GCC_WARN_ABOUT_RETURN_TYPE = YES_ERROR;
				GCC_WARN_UNDECLARED_SELECTOR = YES;
				GCC_WARN_UNINITIALIZED_AUTOS = YES_AGGRESSIVE;
				GCC_WARN_UNUSED_FUNCTION = YES;
				GCC_WARN_UNUSED_VARIABLE = YES;
				IPHONEOS_DEPLOYMENT_TARGET = 12.2;
				MTL_ENABLE_DEBUG_INFO = NO;
				MTL_FAST_MATH = YES;
				SDKROOT = iphoneos;
				SWIFT_COMPILATION_MODE = wholemodule;
				SWIFT_OPTIMIZATION_LEVEL = "-O";
				VALIDATE_PRODUCT = YES;
			};
			name = Release;
		};
		139FA9A522E3930600F21892 /* Debug */ = {
			isa = XCBuildConfiguration;
			buildSettings = {
				ASSETCATALOG_COMPILER_APPICON_NAME = AppIcon;
				CODE_SIGN_STYLE = Automatic;
				DEVELOPMENT_TEAM = C729AZWQM3;
				INFOPLIST_FILE = SpaceShooter/Info.plist;
				LD_RUNPATH_SEARCH_PATHS = (
					"$(inherited)",
					"@executable_path/Frameworks",
				);
				PRODUCT_BUNDLE_IDENTIFIER = com.cjd9.SpaceShooter;
				PRODUCT_NAME = "$(TARGET_NAME)";
				SWIFT_VERSION = 5.0;
				TARGETED_DEVICE_FAMILY = "1,2";
			};
			name = Debug;
		};
		139FA9A622E3930600F21892 /* Release */ = {
			isa = XCBuildConfiguration;
			buildSettings = {
				ASSETCATALOG_COMPILER_APPICON_NAME = AppIcon;
				CODE_SIGN_STYLE = Automatic;
				DEVELOPMENT_TEAM = C729AZWQM3;
				INFOPLIST_FILE = SpaceShooter/Info.plist;
				LD_RUNPATH_SEARCH_PATHS = (
					"$(inherited)",
					"@executable_path/Frameworks",
				);
				PRODUCT_BUNDLE_IDENTIFIER = com.cjd9.SpaceShooter;
				PRODUCT_NAME = "$(TARGET_NAME)";
				SWIFT_VERSION = 5.0;
				TARGETED_DEVICE_FAMILY = "1,2";
			};
			name = Release;
		};
/* End XCBuildConfiguration section */

/* Begin XCConfigurationList section */
		139FA98722E3930500F21892 /* Build configuration list for PBXProject "SpaceShooter" */ = {
			isa = XCConfigurationList;
			buildConfigurations = (
				139FA9A222E3930600F21892 /* Debug */,
				139FA9A322E3930600F21892 /* Release */,
			);
			defaultConfigurationIsVisible = 0;
			defaultConfigurationName = Release;
		};
		139FA9A422E3930600F21892 /* Build configuration list for PBXNativeTarget "SpaceShooter" */ = {
			isa = XCConfigurationList;
			buildConfigurations = (
				139FA9A522E3930600F21892 /* Debug */,
				139FA9A622E3930600F21892 /* Release */,
			);
			defaultConfigurationIsVisible = 0;
			defaultConfigurationName = Release;
		};
/* End XCConfigurationList section */
	};
	rootObject = 139FA98422E3930500F21892 /* Project object */;
}
